
Microsoft Visual Studio Solution File, Format Version 12.00
# Visual Studio Version 17
VisualStudioVersion = 17.0.31903.59
MinimumVisualStudioVersion = 10.0.40219.1
Project("{FAE04EC0-301F-11D3-BF4B-00C04F79EFBC}") = "WebPortalSpace.Backend", "WebPortalSpace.Backend\WebPortalSpace.Backend.csproj", "{EB1C6E06-34C8-46F4-A982-BB34027CB17D}"
EndProject
Project("{FAE04EC0-301F-11D3-BF4B-00C04F79EFBC}") = "WebPortalSpace.DataLayer", "WebPortalSpace.DataLayer\WebPortalSpace.DataLayer.csproj", "{8F5308BF-51CC-4C55-BCAF-AB14276F1574}"
EndProject
Project("{FAE04EC0-301F-11D3-BF4B-00C04F79EFBC}") = "WebPortalSpace.BusinessLayer", "WebPortalSpace.BusinessLayer\WebPortalSpace.BusinessLayer.csproj", "{7EE9EEDC-5A42-454B-AE6F-DD48A8B9C28F}"
EndProject
Global
	GlobalSection(SolutionConfigurationPlatforms) = preSolution
		Debug|Any CPU = Debug|Any CPU
		Release|Any CPU = Release|Any CPU
	EndGlobalSection
	GlobalSection(SolutionProperties) = preSolution
		HideSolutionNode = FALSE
	EndGlobalSection
	GlobalSection(ProjectConfigurationPlatforms) = postSolution
		{EB1C6E06-34C8-46F4-A982-BB34027CB17D}.Debug|Any CPU.ActiveCfg = Debug|Any CPU
		{EB1C6E06-34C8-46F4-A982-BB34027CB17D}.Debug|Any CPU.Build.0 = Debug|Any CPU
		{EB1C6E06-34C8-46F4-A982-BB34027CB17D}.Release|Any CPU.ActiveCfg = Release|Any CPU
		{EB1C6E06-34C8-46F4-A982-BB34027CB17D}.Release|Any CPU.Build.0 = Release|Any CPU
		{8F5308BF-51CC-4C55-BCAF-AB14276F1574}.Debug|Any CPU.ActiveCfg = Debug|Any CPU
		{8F5308BF-51CC-4C55-BCAF-AB14276F1574}.Debug|Any CPU.Build.0 = Debug|Any CPU
		{8F5308BF-51CC-4C55-BCAF-AB14276F1574}.Release|Any CPU.ActiveCfg = Release|Any CPU
		{8F5308BF-51CC-4C55-BCAF-AB14276F1574}.Release|Any CPU.Build.0 = Release|Any CPU
		{7EE9EEDC-5A42-454B-AE6F-DD48A8B9C28F}.Debug|Any CPU.ActiveCfg = Debug|Any CPU
		{7EE9EEDC-5A42-454B-AE6F-DD48A8B9C28F}.Debug|Any CPU.Build.0 = Debug|Any CPU
		{7EE9EEDC-5A42-454B-AE6F-DD48A8B9C28F}.Release|Any CPU.ActiveCfg = Release|Any CPU
		{7EE9EEDC-5A42-454B-AE6F-DD48A8B9C28F}.Release|Any CPU.Build.0 = Release|Any CPU
	EndGlobalSection
EndGlobal
